// !$*UTF8*$!
{
	archiveVersion = 1;
	classes = {
	};
	objectVersion = 51;
	objects = {

/* Begin PBXBuildFile section */
		10465C2ED646A0B05B1A6794 /* Pods_LionLogisticsProject.framework in Frameworks */ = {isa = PBXBuildFile; fileRef = 8396A5CC7220D6A9638719C4 /* Pods_LionLogisticsProject.framework */; };
		CB0EE71222F19E78003D69B1 /* FFPublishListViewController.swift in Sources */ = {isa = PBXBuildFile; fileRef = CB0EE70722F19E78003D69B1 /* FFPublishListViewController.swift */; };
		CB0EE71322F19E78003D69B1 /* FFMineViewController.swift in Sources */ = {isa = PBXBuildFile; fileRef = CB0EE70C22F19E78003D69B1 /* FFMineViewController.swift */; };
		CB0EE71422F19E78003D69B1 /* FFSendListViewController.swift in Sources */ = {isa = PBXBuildFile; fileRef = CB0EE71122F19E78003D69B1 /* FFSendListViewController.swift */; };
		CB0EE71722F27D5F003D69B1 /* FFUserManager.swift in Sources */ = {isa = PBXBuildFile; fileRef = CB0EE71622F27D5F003D69B1 /* FFUserManager.swift */; };
		CB0EE71922F27D80003D69B1 /* FFUserInfo.swift in Sources */ = {isa = PBXBuildFile; fileRef = CB0EE71822F27D80003D69B1 /* FFUserInfo.swift */; };
		CB0EE71B22F2E3C6003D69B1 /* FFLoginViewController.swift in Sources */ = {isa = PBXBuildFile; fileRef = CB0EE71A22F2E3C6003D69B1 /* FFLoginViewController.swift */; };
		CBF4467A22F1361F00CB7587 /* AppDelegate.swift in Sources */ = {isa = PBXBuildFile; fileRef = CBF4467922F1361F00CB7587 /* AppDelegate.swift */; };
		CBF4467F22F1361F00CB7587 /* Main.storyboard in Resources */ = {isa = PBXBuildFile; fileRef = CBF4467D22F1361F00CB7587 /* Main.storyboard */; };
		CBF4468122F1362100CB7587 /* Assets.xcassets in Resources */ = {isa = PBXBuildFile; fileRef = CBF4468022F1362100CB7587 /* Assets.xcassets */; };
		CBF4468422F1362100CB7587 /* LaunchScreen.storyboard in Resources */ = {isa = PBXBuildFile; fileRef = CBF4468222F1362100CB7587 /* LaunchScreen.storyboard */; };
		CBF4468F22F1362100CB7587 /* LionLogisticsProjectTests.swift in Sources */ = {isa = PBXBuildFile; fileRef = CBF4468E22F1362100CB7587 /* LionLogisticsProjectTests.swift */; };
		CBF4469A22F1362100CB7587 /* LionLogisticsProjectUITests.swift in Sources */ = {isa = PBXBuildFile; fileRef = CBF4469922F1362100CB7587 /* LionLogisticsProjectUITests.swift */; };
		CBF446B222F1686900CB7587 /* CommonConst.swift in Sources */ = {isa = PBXBuildFile; fileRef = CBF446B122F1686900CB7587 /* CommonConst.swift */; };
		CBF446B422F1688000CB7587 /* FontAndColorConst.swift in Sources */ = {isa = PBXBuildFile; fileRef = CBF446B322F1688000CB7587 /* FontAndColorConst.swift */; };
		CBF446B622F168A100CB7587 /* ThirdConst.swift in Sources */ = {isa = PBXBuildFile; fileRef = CBF446B522F168A100CB7587 /* ThirdConst.swift */; };
		CBF446B822F168AF00CB7587 /* URLConst.swift in Sources */ = {isa = PBXBuildFile; fileRef = CBF446B722F168AF00CB7587 /* URLConst.swift */; };
		CBF446BA22F168BD00CB7587 /* UtilsConst.swift in Sources */ = {isa = PBXBuildFile; fileRef = CBF446B922F168BD00CB7587 /* UtilsConst.swift */; };
		CBF446BC22F16B8F00CB7587 /* AppDelegate+AppService.swift in Sources */ = {isa = PBXBuildFile; fileRef = CBF446BB22F16B8F00CB7587 /* AppDelegate+AppService.swift */; };
		CBF446BE22F16BC400CB7587 /* FFBaseViewController.swift in Sources */ = {isa = PBXBuildFile; fileRef = CBF446BD22F16BC400CB7587 /* FFBaseViewController.swift */; };
		CBF446C022F184DA00CB7587 /* FFTabBarController.swift in Sources */ = {isa = PBXBuildFile; fileRef = CBF446BF22F184DA00CB7587 /* FFTabBarController.swift */; };
		CBF446C222F1851F00CB7587 /* FFNavighationController.swift in Sources */ = {isa = PBXBuildFile; fileRef = CBF446C122F1851F00CB7587 /* FFNavighationController.swift */; };
/* End PBXBuildFile section */

/* Begin PBXContainerItemProxy section */
		CBF4468B22F1362100CB7587 /* PBXContainerItemProxy */ = {
			isa = PBXContainerItemProxy;
			containerPortal = CBF4466E22F1361F00CB7587 /* Project object */;
			proxyType = 1;
			remoteGlobalIDString = CBF4467522F1361F00CB7587;
			remoteInfo = LionLogisticsProject;
		};
		CBF4469622F1362100CB7587 /* PBXContainerItemProxy */ = {
			isa = PBXContainerItemProxy;
			containerPortal = CBF4466E22F1361F00CB7587 /* Project object */;
			proxyType = 1;
			remoteGlobalIDString = CBF4467522F1361F00CB7587;
			remoteInfo = LionLogisticsProject;
		};
/* End PBXContainerItemProxy section */

/* Begin PBXFileReference section */
		170F6C5908E83FC4F941BB36 /* Pods-LionLogisticsProject.release.xcconfig */ = {isa = PBXFileReference; includeInIndex = 1; lastKnownFileType = text.xcconfig; name = "Pods-LionLogisticsProject.release.xcconfig"; path = "Target Support Files/Pods-LionLogisticsProject/Pods-LionLogisticsProject.release.xcconfig"; sourceTree = "<group>"; };
		8396A5CC7220D6A9638719C4 /* Pods_LionLogisticsProject.framework */ = {isa = PBXFileReference; explicitFileType = wrapper.framework; includeInIndex = 0; path = Pods_LionLogisticsProject.framework; sourceTree = BUILT_PRODUCTS_DIR; };
		CB0EE70722F19E78003D69B1 /* FFPublishListViewController.swift */ = {isa = PBXFileReference; fileEncoding = 4; lastKnownFileType = sourcecode.swift; path = FFPublishListViewController.swift; sourceTree = "<group>"; };
		CB0EE70C22F19E78003D69B1 /* FFMineViewController.swift */ = {isa = PBXFileReference; fileEncoding = 4; lastKnownFileType = sourcecode.swift; path = FFMineViewController.swift; sourceTree = "<group>"; };
		CB0EE71122F19E78003D69B1 /* FFSendListViewController.swift */ = {isa = PBXFileReference; fileEncoding = 4; lastKnownFileType = sourcecode.swift; path = FFSendListViewController.swift; sourceTree = "<group>"; };
		CB0EE71622F27D5F003D69B1 /* FFUserManager.swift */ = {isa = PBXFileReference; lastKnownFileType = sourcecode.swift; path = FFUserManager.swift; sourceTree = "<group>"; };
		CB0EE71822F27D80003D69B1 /* FFUserInfo.swift */ = {isa = PBXFileReference; lastKnownFileType = sourcecode.swift; path = FFUserInfo.swift; sourceTree = "<group>"; };
		CB0EE71A22F2E3C6003D69B1 /* FFLoginViewController.swift */ = {isa = PBXFileReference; lastKnownFileType = sourcecode.swift; path = FFLoginViewController.swift; sourceTree = "<group>"; };
		CBF4467622F1361F00CB7587 /* LionLogisticsProject.app */ = {isa = PBXFileReference; explicitFileType = wrapper.application; includeInIndex = 0; path = LionLogisticsProject.app; sourceTree = BUILT_PRODUCTS_DIR; };
		CBF4467922F1361F00CB7587 /* AppDelegate.swift */ = {isa = PBXFileReference; lastKnownFileType = sourcecode.swift; path = AppDelegate.swift; sourceTree = "<group>"; };
		CBF4467E22F1361F00CB7587 /* Base */ = {isa = PBXFileReference; lastKnownFileType = file.storyboard; name = Base; path = Base.lproj/Main.storyboard; sourceTree = "<group>"; };
		CBF4468022F1362100CB7587 /* Assets.xcassets */ = {isa = PBXFileReference; lastKnownFileType = folder.assetcatalog; path = Assets.xcassets; sourceTree = "<group>"; };
		CBF4468322F1362100CB7587 /* Base */ = {isa = PBXFileReference; lastKnownFileType = file.storyboard; name = Base; path = Base.lproj/LaunchScreen.storyboard; sourceTree = "<group>"; };
		CBF4468522F1362100CB7587 /* Info.plist */ = {isa = PBXFileReference; lastKnownFileType = text.plist.xml; path = Info.plist; sourceTree = "<group>"; };
		CBF4468A22F1362100CB7587 /* LionLogisticsProjectTests.xctest */ = {isa = PBXFileReference; explicitFileType = wrapper.cfbundle; includeInIndex = 0; path = LionLogisticsProjectTests.xctest; sourceTree = BUILT_PRODUCTS_DIR; };
		CBF4468E22F1362100CB7587 /* LionLogisticsProjectTests.swift */ = {isa = PBXFileReference; lastKnownFileType = sourcecode.swift; path = LionLogisticsProjectTests.swift; sourceTree = "<group>"; };
		CBF4469022F1362100CB7587 /* Info.plist */ = {isa = PBXFileReference; lastKnownFileType = text.plist.xml; path = Info.plist; sourceTree = "<group>"; };
		CBF4469522F1362100CB7587 /* LionLogisticsProjectUITests.xctest */ = {isa = PBXFileReference; explicitFileType = wrapper.cfbundle; includeInIndex = 0; path = LionLogisticsProjectUITests.xctest; sourceTree = BUILT_PRODUCTS_DIR; };
		CBF4469922F1362100CB7587 /* LionLogisticsProjectUITests.swift */ = {isa = PBXFileReference; lastKnownFileType = sourcecode.swift; path = LionLogisticsProjectUITests.swift; sourceTree = "<group>"; };
		CBF4469B22F1362100CB7587 /* Info.plist */ = {isa = PBXFileReference; lastKnownFileType = text.plist.xml; path = Info.plist; sourceTree = "<group>"; };
		CBF446B122F1686900CB7587 /* CommonConst.swift */ = {isa = PBXFileReference; lastKnownFileType = sourcecode.swift; path = CommonConst.swift; sourceTree = "<group>"; };
		CBF446B322F1688000CB7587 /* FontAndColorConst.swift */ = {isa = PBXFileReference; lastKnownFileType = sourcecode.swift; path = FontAndColorConst.swift; sourceTree = "<group>"; };
		CBF446B522F168A100CB7587 /* ThirdConst.swift */ = {isa = PBXFileReference; lastKnownFileType = sourcecode.swift; path = ThirdConst.swift; sourceTree = "<group>"; };
		CBF446B722F168AF00CB7587 /* URLConst.swift */ = {isa = PBXFileReference; lastKnownFileType = sourcecode.swift; path = URLConst.swift; sourceTree = "<group>"; };
		CBF446B922F168BD00CB7587 /* UtilsConst.swift */ = {isa = PBXFileReference; lastKnownFileType = sourcecode.swift; path = UtilsConst.swift; sourceTree = "<group>"; };
		CBF446BB22F16B8F00CB7587 /* AppDelegate+AppService.swift */ = {isa = PBXFileReference; lastKnownFileType = sourcecode.swift; path = "AppDelegate+AppService.swift"; sourceTree = "<group>"; };
		CBF446BD22F16BC400CB7587 /* FFBaseViewController.swift */ = {isa = PBXFileReference; lastKnownFileType = sourcecode.swift; path = FFBaseViewController.swift; sourceTree = "<group>"; };
		CBF446BF22F184DA00CB7587 /* FFTabBarController.swift */ = {isa = PBXFileReference; lastKnownFileType = sourcecode.swift; path = FFTabBarController.swift; sourceTree = "<group>"; };
		CBF446C122F1851F00CB7587 /* FFNavighationController.swift */ = {isa = PBXFileReference; lastKnownFileType = sourcecode.swift; path = FFNavighationController.swift; sourceTree = "<group>"; };
		E3EEC04C5A8792BC8D296D48 /* Pods-LionLogisticsProject.debug.xcconfig */ = {isa = PBXFileReference; includeInIndex = 1; lastKnownFileType = text.xcconfig; name = "Pods-LionLogisticsProject.debug.xcconfig"; path = "Target Support Files/Pods-LionLogisticsProject/Pods-LionLogisticsProject.debug.xcconfig"; sourceTree = "<group>"; };
/* End PBXFileReference section */

/* Begin PBXFrameworksBuildPhase section */
		CBF4467322F1361F00CB7587 /* Frameworks */ = {
			isa = PBXFrameworksBuildPhase;
			buildActionMask = 2147483647;
			files = (
				10465C2ED646A0B05B1A6794 /* Pods_LionLogisticsProject.framework in Frameworks */,
			);
			runOnlyForDeploymentPostprocessing = 0;
		};
		CBF4468722F1362100CB7587 /* Frameworks */ = {
			isa = PBXFrameworksBuildPhase;
			buildActionMask = 2147483647;
			files = (
			);
			runOnlyForDeploymentPostprocessing = 0;
		};
		CBF4469222F1362100CB7587 /* Frameworks */ = {
			isa = PBXFrameworksBuildPhase;
			buildActionMask = 2147483647;
			files = (
			);
			runOnlyForDeploymentPostprocessing = 0;
		};
/* End PBXFrameworksBuildPhase section */

/* Begin PBXGroup section */
		0D15BD2C0F848A84ECB426D1 /* Pods */ = {
			isa = PBXGroup;
			children = (
				E3EEC04C5A8792BC8D296D48 /* Pods-LionLogisticsProject.debug.xcconfig */,
				170F6C5908E83FC4F941BB36 /* Pods-LionLogisticsProject.release.xcconfig */,
			);
			path = Pods;
			sourceTree = "<group>";
		};
		26B596B138A32644DB84A179 /* Frameworks */ = {
			isa = PBXGroup;
			children = (
				8396A5CC7220D6A9638719C4 /* Pods_LionLogisticsProject.framework */,
			);
			name = Frameworks;
			sourceTree = "<group>";
		};
		CB0EE6FF22F19E78003D69B1 /* Login */ = {
			isa = PBXGroup;
			children = (
				CB0EE70022F19E78003D69B1 /* ViewModel */,
				CB0EE70122F19E78003D69B1 /* Model */,
				CB0EE70222F19E78003D69B1 /* View */,
			);
			path = Login;
			sourceTree = "<group>";
		};
		CB0EE70022F19E78003D69B1 /* ViewModel */ = {
			isa = PBXGroup;
			children = (
			);
			path = ViewModel;
			sourceTree = "<group>";
		};
		CB0EE70122F19E78003D69B1 /* Model */ = {
			isa = PBXGroup;
			children = (
			);
			path = Model;
			sourceTree = "<group>";
		};
		CB0EE70222F19E78003D69B1 /* View */ = {
			isa = PBXGroup;
			children = (
				CB0EE71A22F2E3C6003D69B1 /* FFLoginViewController.swift */,
			);
			path = View;
			sourceTree = "<group>";
		};
		CB0EE70322F19E78003D69B1 /* PublishList */ = {
			isa = PBXGroup;
			children = (
				CB0EE70422F19E78003D69B1 /* ViewModel */,
				CB0EE70522F19E78003D69B1 /* Model */,
				CB0EE70622F19E78003D69B1 /* View */,
			);
			path = PublishList;
			sourceTree = "<group>";
		};
		CB0EE70422F19E78003D69B1 /* ViewModel */ = {
			isa = PBXGroup;
			children = (
			);
			path = ViewModel;
			sourceTree = "<group>";
		};
		CB0EE70522F19E78003D69B1 /* Model */ = {
			isa = PBXGroup;
			children = (
			);
			path = Model;
			sourceTree = "<group>";
		};
		CB0EE70622F19E78003D69B1 /* View */ = {
			isa = PBXGroup;
			children = (
				CB0EE70722F19E78003D69B1 /* FFPublishListViewController.swift */,
			);
			path = View;
			sourceTree = "<group>";
		};
		CB0EE70822F19E78003D69B1 /* Mine */ = {
			isa = PBXGroup;
			children = (
				CB0EE70922F19E78003D69B1 /* ViewModel */,
				CB0EE70A22F19E78003D69B1 /* Model */,
				CB0EE70B22F19E78003D69B1 /* View */,
			);
			path = Mine;
			sourceTree = "<group>";
		};
		CB0EE70922F19E78003D69B1 /* ViewModel */ = {
			isa = PBXGroup;
			children = (
			);
			path = ViewModel;
			sourceTree = "<group>";
		};
		CB0EE70A22F19E78003D69B1 /* Model */ = {
			isa = PBXGroup;
			children = (
			);
			path = Model;
			sourceTree = "<group>";
		};
		CB0EE70B22F19E78003D69B1 /* View */ = {
			isa = PBXGroup;
			children = (
				CB0EE70C22F19E78003D69B1 /* FFMineViewController.swift */,
			);
			path = View;
			sourceTree = "<group>";
		};
		CB0EE70D22F19E78003D69B1 /* SendList */ = {
			isa = PBXGroup;
			children = (
				CB0EE70E22F19E78003D69B1 /* ViewModel */,
				CB0EE70F22F19E78003D69B1 /* Model */,
				CB0EE71022F19E78003D69B1 /* View */,
			);
			path = SendList;
			sourceTree = "<group>";
		};
		CB0EE70E22F19E78003D69B1 /* ViewModel */ = {
			isa = PBXGroup;
			children = (
			);
			path = ViewModel;
			sourceTree = "<group>";
		};
		CB0EE70F22F19E78003D69B1 /* Model */ = {
			isa = PBXGroup;
			children = (
			);
			path = Model;
			sourceTree = "<group>";
		};
		CB0EE71022F19E78003D69B1 /* View */ = {
			isa = PBXGroup;
			children = (
				CB0EE71122F19E78003D69B1 /* FFSendListViewController.swift */,
			);
			path = View;
			sourceTree = "<group>";
		};
		CB0EE71522F27D46003D69B1 /* UserManager */ = {
			isa = PBXGroup;
			children = (
				CB0EE71622F27D5F003D69B1 /* FFUserManager.swift */,
				CB0EE71822F27D80003D69B1 /* FFUserInfo.swift */,
			);
			path = UserManager;
			sourceTree = "<group>";
		};
		CBF4466D22F1361F00CB7587 = {
			isa = PBXGroup;
			children = (
				CBF4467822F1361F00CB7587 /* LionLogisticsProject */,
				CBF4468D22F1362100CB7587 /* LionLogisticsProjectTests */,
				CBF4469822F1362100CB7587 /* LionLogisticsProjectUITests */,
				CBF4467722F1361F00CB7587 /* Products */,
				0D15BD2C0F848A84ECB426D1 /* Pods */,
				26B596B138A32644DB84A179 /* Frameworks */,
			);
			sourceTree = "<group>";
		};
		CBF4467722F1361F00CB7587 /* Products */ = {
			isa = PBXGroup;
			children = (
				CBF4467622F1361F00CB7587 /* LionLogisticsProject.app */,
				CBF4468A22F1362100CB7587 /* LionLogisticsProjectTests.xctest */,
				CBF4469522F1362100CB7587 /* LionLogisticsProjectUITests.xctest */,
			);
			name = Products;
			sourceTree = "<group>";
		};
		CBF4467822F1361F00CB7587 /* LionLogisticsProject */ = {
			isa = PBXGroup;
			children = (
				CBF446A922F1667B00CB7587 /* AppDelegate */,
				CBF446AF22F1677000CB7587 /* Extension */,
				CBF446AE22F166BF00CB7587 /* Manager */,
				CBF446AD22F166B000CB7587 /* Moudles */,
				CBF446AC22F166A000CB7587 /* Utils */,
				CBF446AA22F1669000CB7587 /* Base */,
				CBF446A722F1365D00CB7587 /* Const */,
				CBF446B022F167AC00CB7587 /* Supporting FIles */,
			);
			path = LionLogisticsProject;
			sourceTree = "<group>";
		};
		CBF4468D22F1362100CB7587 /* LionLogisticsProjectTests */ = {
			isa = PBXGroup;
			children = (
				CBF4468E22F1362100CB7587 /* LionLogisticsProjectTests.swift */,
				CBF4469022F1362100CB7587 /* Info.plist */,
			);
			path = LionLogisticsProjectTests;
			sourceTree = "<group>";
		};
		CBF4469822F1362100CB7587 /* LionLogisticsProjectUITests */ = {
			isa = PBXGroup;
			children = (
				CBF4469922F1362100CB7587 /* LionLogisticsProjectUITests.swift */,
				CBF4469B22F1362100CB7587 /* Info.plist */,
			);
			path = LionLogisticsProjectUITests;
			sourceTree = "<group>";
		};
		CBF446A722F1365D00CB7587 /* Const */ = {
			isa = PBXGroup;
			children = (
				CBF446B122F1686900CB7587 /* CommonConst.swift */,
				CBF446B322F1688000CB7587 /* FontAndColorConst.swift */,
				CBF446B522F168A100CB7587 /* ThirdConst.swift */,
				CBF446B722F168AF00CB7587 /* URLConst.swift */,
				CBF446B922F168BD00CB7587 /* UtilsConst.swift */,
			);
			path = Const;
			sourceTree = "<group>";
		};
		CBF446A922F1667B00CB7587 /* AppDelegate */ = {
			isa = PBXGroup;
			children = (
				CBF4467922F1361F00CB7587 /* AppDelegate.swift */,
				CBF446BB22F16B8F00CB7587 /* AppDelegate+AppService.swift */,
			);
			path = AppDelegate;
			sourceTree = "<group>";
		};
		CBF446AA22F1669000CB7587 /* Base */ = {
			isa = PBXGroup;
			children = (
				CBF446BD22F16BC400CB7587 /* FFBaseViewController.swift */,
				CBF446BF22F184DA00CB7587 /* FFTabBarController.swift */,
				CBF446C122F1851F00CB7587 /* FFNavighationController.swift */,
			);
			path = Base;
			sourceTree = "<group>";
		};
		CBF446AC22F166A000CB7587 /* Utils */ = {
			isa = PBXGroup;
			children = (
			);
			path = Utils;
			sourceTree = "<group>";
		};
		CBF446AD22F166B000CB7587 /* Moudles */ = {
			isa = PBXGroup;
			children = (
				CB0EE6FF22F19E78003D69B1 /* Login */,
				CB0EE70822F19E78003D69B1 /* Mine */,
				CB0EE70322F19E78003D69B1 /* PublishList */,
				CB0EE70D22F19E78003D69B1 /* SendList */,
			);
			path = Moudles;
			sourceTree = "<group>";
		};
		CBF446AE22F166BF00CB7587 /* Manager */ = {
			isa = PBXGroup;
			children = (
				CB0EE71522F27D46003D69B1 /* UserManager */,
			);
			path = Manager;
			sourceTree = "<group>";
		};
		CBF446AF22F1677000CB7587 /* Extension */ = {
			isa = PBXGroup;
			children = (
			);
			path = Extension;
			sourceTree = "<group>";
		};
		CBF446B022F167AC00CB7587 /* Supporting FIles */ = {
			isa = PBXGroup;
			children = (
				CBF4467D22F1361F00CB7587 /* Main.storyboard */,
				CBF4468022F1362100CB7587 /* Assets.xcassets */,
				CBF4468222F1362100CB7587 /* LaunchScreen.storyboard */,
				CBF4468522F1362100CB7587 /* Info.plist */,
			);
			path = "Supporting FIles";
			sourceTree = "<group>";
		};
/* End PBXGroup section */

/* Begin PBXNativeTarget section */
		CBF4467522F1361F00CB7587 /* LionLogisticsProject */ = {
			isa = PBXNativeTarget;
			buildConfigurationList = CBF4469E22F1362100CB7587 /* Build configuration list for PBXNativeTarget "LionLogisticsProject" */;
			buildPhases = (
				74DF553E4473EE67406D3B54 /* [CP] Check Pods Manifest.lock */,
				CBF4467222F1361F00CB7587 /* Sources */,
				CBF4467322F1361F00CB7587 /* Frameworks */,
				CBF4467422F1361F00CB7587 /* Resources */,
				FC64B07233B5E5222AC61942 /* [CP] Embed Pods Frameworks */,
			);
			buildRules = (
			);
			dependencies = (
			);
			name = LionLogisticsProject;
			productName = LionLogisticsProject;
			productReference = CBF4467622F1361F00CB7587 /* LionLogisticsProject.app */;
			productType = "com.apple.product-type.application";
		};
		CBF4468922F1362100CB7587 /* LionLogisticsProjectTests */ = {
			isa = PBXNativeTarget;
			buildConfigurationList = CBF446A122F1362100CB7587 /* Build configuration list for PBXNativeTarget "LionLogisticsProjectTests" */;
			buildPhases = (
				CBF4468622F1362100CB7587 /* Sources */,
				CBF4468722F1362100CB7587 /* Frameworks */,
				CBF4468822F1362100CB7587 /* Resources */,
			);
			buildRules = (
			);
			dependencies = (
				CBF4468C22F1362100CB7587 /* PBXTargetDependency */,
			);
			name = LionLogisticsProjectTests;
			productName = LionLogisticsProjectTests;
			productReference = CBF4468A22F1362100CB7587 /* LionLogisticsProjectTests.xctest */;
			productType = "com.apple.product-type.bundle.unit-test";
		};
		CBF4469422F1362100CB7587 /* LionLogisticsProjectUITests */ = {
			isa = PBXNativeTarget;
			buildConfigurationList = CBF446A422F1362100CB7587 /* Build configuration list for PBXNativeTarget "LionLogisticsProjectUITests" */;
			buildPhases = (
				CBF4469122F1362100CB7587 /* Sources */,
				CBF4469222F1362100CB7587 /* Frameworks */,
				CBF4469322F1362100CB7587 /* Resources */,
			);
			buildRules = (
			);
			dependencies = (
				CBF4469722F1362100CB7587 /* PBXTargetDependency */,
			);
			name = LionLogisticsProjectUITests;
			productName = LionLogisticsProjectUITests;
			productReference = CBF4469522F1362100CB7587 /* LionLogisticsProjectUITests.xctest */;
			productType = "com.apple.product-type.bundle.ui-testing";
		};
/* End PBXNativeTarget section */

/* Begin PBXProject section */
		CBF4466E22F1361F00CB7587 /* Project object */ = {
			isa = PBXProject;
			attributes = {
				CLASSPREFIX = FF;
				LastSwiftUpdateCheck = 1030;
				LastUpgradeCheck = 1030;
				ORGANIZATIONNAME = MissZhou;
				TargetAttributes = {
					CBF4467522F1361F00CB7587 = {
						CreatedOnToolsVersion = 10.3;
					};
					CBF4468922F1362100CB7587 = {
						CreatedOnToolsVersion = 10.3;
						TestTargetID = CBF4467522F1361F00CB7587;
					};
					CBF4469422F1362100CB7587 = {
						CreatedOnToolsVersion = 10.3;
						TestTargetID = CBF4467522F1361F00CB7587;
					};
				};
			};
			buildConfigurationList = CBF4467122F1361F00CB7587 /* Build configuration list for PBXProject "LionLogisticsProject" */;
			compatibilityVersion = "Xcode 9.3";
			developmentRegion = en;
			hasScannedForEncodings = 0;
			knownRegions = (
				en,
				Base,
			);
			mainGroup = CBF4466D22F1361F00CB7587;
			productRefGroup = CBF4467722F1361F00CB7587 /* Products */;
			projectDirPath = "";
			projectRoot = "";
			targets = (
				CBF4467522F1361F00CB7587 /* LionLogisticsProject */,
				CBF4468922F1362100CB7587 /* LionLogisticsProjectTests */,
				CBF4469422F1362100CB7587 /* LionLogisticsProjectUITests */,
			);
		};
/* End PBXProject section */

/* Begin PBXResourcesBuildPhase section */
		CBF4467422F1361F00CB7587 /* Resources */ = {
			isa = PBXResourcesBuildPhase;
			buildActionMask = 2147483647;
			files = (
				CBF4468422F1362100CB7587 /* LaunchScreen.storyboard in Resources */,
				CBF4468122F1362100CB7587 /* Assets.xcassets in Resources */,
				CBF4467F22F1361F00CB7587 /* Main.storyboard in Resources */,
			);
			runOnlyForDeploymentPostprocessing = 0;
		};
		CBF4468822F1362100CB7587 /* Resources */ = {
			isa = PBXResourcesBuildPhase;
			buildActionMask = 2147483647;
			files = (
			);
			runOnlyForDeploymentPostprocessing = 0;
		};
		CBF4469322F1362100CB7587 /* Resources */ = {
			isa = PBXResourcesBuildPhase;
			buildActionMask = 2147483647;
			files = (
			);
			runOnlyForDeploymentPostprocessing = 0;
		};
/* End PBXResourcesBuildPhase section */

/* Begin PBXShellScriptBuildPhase section */
		74DF553E4473EE67406D3B54 /* [CP] Check Pods Manifest.lock */ = {
			isa = PBXShellScriptBuildPhase;
			buildActionMask = 2147483647;
			files = (
			);
			inputFileListPaths = (
			);
			inputPaths = (
				"${PODS_PODFILE_DIR_PATH}/Podfile.lock",
				"${PODS_ROOT}/Manifest.lock",
			);
			name = "[CP] Check Pods Manifest.lock";
			outputFileListPaths = (
			);
			outputPaths = (
				"$(DERIVED_FILE_DIR)/Pods-LionLogisticsProject-checkManifestLockResult.txt",
			);
			runOnlyForDeploymentPostprocessing = 0;
			shellPath = /bin/sh;
			shellScript = "diff \"${PODS_PODFILE_DIR_PATH}/Podfile.lock\" \"${PODS_ROOT}/Manifest.lock\" > /dev/null\nif [ $? != 0 ] ; then\n    # print error to STDERR\n    echo \"error: The sandbox is not in sync with the Podfile.lock. Run 'pod install' or update your CocoaPods installation.\" >&2\n    exit 1\nfi\n# This output is used by Xcode 'outputs' to avoid re-running this script phase.\necho \"SUCCESS\" > \"${SCRIPT_OUTPUT_FILE_0}\"\n";
			showEnvVarsInLog = 0;
		};
		FC64B07233B5E5222AC61942 /* [CP] Embed Pods Frameworks */ = {
			isa = PBXShellScriptBuildPhase;
			buildActionMask = 2147483647;
			files = (
			);
			inputFileListPaths = (
				"${PODS_ROOT}/Target Support Files/Pods-LionLogisticsProject/Pods-LionLogisticsProject-frameworks-${CONFIGURATION}-input-files.xcfilelist",
			);
			name = "[CP] Embed Pods Frameworks";
			outputFileListPaths = (
				"${PODS_ROOT}/Target Support Files/Pods-LionLogisticsProject/Pods-LionLogisticsProject-frameworks-${CONFIGURATION}-output-files.xcfilelist",
			);
			runOnlyForDeploymentPostprocessing = 0;
			shellPath = /bin/sh;
			shellScript = "\"${PODS_ROOT}/Target Support Files/Pods-LionLogisticsProject/Pods-LionLogisticsProject-frameworks.sh\"\n";
			showEnvVarsInLog = 0;
		};
/* End PBXShellScriptBuildPhase section */

/* Begin PBXSourcesBuildPhase section */
		CBF4467222F1361F00CB7587 /* Sources */ = {
			isa = PBXSourcesBuildPhase;
			buildActionMask = 2147483647;
			files = (
				CBF446C222F1851F00CB7587 /* FFNavighationController.swift in Sources */,
				CB0EE71322F19E78003D69B1 /* FFMineViewController.swift in Sources */,
				CBF446B222F1686900CB7587 /* CommonConst.swift in Sources */,
				CBF446BA22F168BD00CB7587 /* UtilsConst.swift in Sources */,
				CB0EE71422F19E78003D69B1 /* FFSendListViewController.swift in Sources */,
				CBF446B622F168A100CB7587 /* ThirdConst.swift in Sources */,
				CBF446BE22F16BC400CB7587 /* FFBaseViewController.swift in Sources */,
				CBF446C022F184DA00CB7587 /* FFTabBarController.swift in Sources */,
				CBF446B422F1688000CB7587 /* FontAndColorConst.swift in Sources */,
				CBF446B822F168AF00CB7587 /* URLConst.swift in Sources */,
				CB0EE71B22F2E3C6003D69B1 /* FFLoginViewController.swift in Sources */,
				CB0EE71222F19E78003D69B1 /* FFPublishListViewController.swift in Sources */,
				CBF446BC22F16B8F00CB7587 /* AppDelegate+AppService.swift in Sources */,
				CB0EE71722F27D5F003D69B1 /* FFUserManager.swift in Sources */,
				CBF4467A22F1361F00CB7587 /* AppDelegate.swift in Sources */,
				CB0EE71922F27D80003D69B1 /* FFUserInfo.swift in Sources */,
			);
			runOnlyForDeploymentPostprocessing = 0;
		};
		CBF4468622F1362100CB7587 /* Sources */ = {
			isa = PBXSourcesBuildPhase;
			buildActionMask = 2147483647;
			files = (
				CBF4468F22F1362100CB7587 /* LionLogisticsProjectTests.swift in Sources */,
			);
			runOnlyForDeploymentPostprocessing = 0;
		};
		CBF4469122F1362100CB7587 /* Sources */ = {
			isa = PBXSourcesBuildPhase;
			buildActionMask = 2147483647;
			files = (
				CBF4469A22F1362100CB7587 /* LionLogisticsProjectUITests.swift in Sources */,
			);
			runOnlyForDeploymentPostprocessing = 0;
		};
/* End PBXSourcesBuildPhase section */

/* Begin PBXTargetDependency section */
		CBF4468C22F1362100CB7587 /* PBXTargetDependency */ = {
			isa = PBXTargetDependency;
			target = CBF4467522F1361F00CB7587 /* LionLogisticsProject */;
			targetProxy = CBF4468B22F1362100CB7587 /* PBXContainerItemProxy */;
		};
		CBF4469722F1362100CB7587 /* PBXTargetDependency */ = {
			isa = PBXTargetDependency;
			target = CBF4467522F1361F00CB7587 /* LionLogisticsProject */;
			targetProxy = CBF4469622F1362100CB7587 /* PBXContainerItemProxy */;
		};
/* End PBXTargetDependency section */

/* Begin PBXVariantGroup section */
		CBF4467D22F1361F00CB7587 /* Main.storyboard */ = {
			isa = PBXVariantGroup;
			children = (
				CBF4467E22F1361F00CB7587 /* Base */,
			);
			name = Main.storyboard;
			sourceTree = "<group>";
		};
		CBF4468222F1362100CB7587 /* LaunchScreen.storyboard */ = {
			isa = PBXVariantGroup;
			children = (
				CBF4468322F1362100CB7587 /* Base */,
			);
			name = LaunchScreen.storyboard;
			sourceTree = "<group>";
		};
/* End PBXVariantGroup section */

/* Begin XCBuildConfiguration section */
		CBF4469C22F1362100CB7587 /* Debug */ = {
			isa = XCBuildConfiguration;
			buildSettings = {
				ALWAYS_SEARCH_USER_PATHS = NO;
				CLANG_ANALYZER_NONNULL = YES;
				CLANG_ANALYZER_NUMBER_OBJECT_CONVERSION = YES_AGGRESSIVE;
				CLANG_CXX_LANGUAGE_STANDARD = "gnu++14";
				CLANG_CXX_LIBRARY = "libc++";
				CLANG_ENABLE_MODULES = YES;
				CLANG_ENABLE_OBJC_ARC = YES;
				CLANG_ENABLE_OBJC_WEAK = YES;
				CLANG_WARN_BLOCK_CAPTURE_AUTORELEASING = YES;
				CLANG_WARN_BOOL_CONVERSION = YES;
				CLANG_WARN_COMMA = YES;
				CLANG_WARN_CONSTANT_CONVERSION = YES;
				CLANG_WARN_DEPRECATED_OBJC_IMPLEMENTATIONS = YES;
				CLANG_WARN_DIRECT_OBJC_ISA_USAGE = YES_ERROR;
				CLANG_WARN_DOCUMENTATION_COMMENTS = YES;
				CLANG_WARN_EMPTY_BODY = YES;
				CLANG_WARN_ENUM_CONVERSION = YES;
				CLANG_WARN_INFINITE_RECURSION = YES;
				CLANG_WARN_INT_CONVERSION = YES;
				CLANG_WARN_NON_LITERAL_NULL_CONVERSION = YES;
				CLANG_WARN_OBJC_IMPLICIT_RETAIN_SELF = YES;
				CLANG_WARN_OBJC_LITERAL_CONVERSION = YES;
				CLANG_WARN_OBJC_ROOT_CLASS = YES_ERROR;
				CLANG_WARN_RANGE_LOOP_ANALYSIS = YES;
				CLANG_WARN_STRICT_PROTOTYPES = YES;
				CLANG_WARN_SUSPICIOUS_MOVE = YES;
				CLANG_WARN_UNGUARDED_AVAILABILITY = YES_AGGRESSIVE;
				CLANG_WARN_UNREACHABLE_CODE = YES;
				CLANG_WARN__DUPLICATE_METHOD_MATCH = YES;
				CODE_SIGN_IDENTITY = "iPhone Developer";
				COPY_PHASE_STRIP = NO;
				DEBUG_INFORMATION_FORMAT = dwarf;
				ENABLE_STRICT_OBJC_MSGSEND = YES;
				ENABLE_TESTABILITY = YES;
				GCC_C_LANGUAGE_STANDARD = gnu11;
				GCC_DYNAMIC_NO_PIC = NO;
				GCC_NO_COMMON_BLOCKS = YES;
				GCC_OPTIMIZATION_LEVEL = 0;
				GCC_PREPROCESSOR_DEFINITIONS = (
					"DEBUG=1",
					"$(inherited)",
				);
				GCC_WARN_64_TO_32_BIT_CONVERSION = YES;
				GCC_WARN_ABOUT_RETURN_TYPE = YES_ERROR;
				GCC_WARN_UNDECLARED_SELECTOR = YES;
				GCC_WARN_UNINITIALIZED_AUTOS = YES_AGGRESSIVE;
				GCC_WARN_UNUSED_FUNCTION = YES;
				GCC_WARN_UNUSED_VARIABLE = YES;
				IPHONEOS_DEPLOYMENT_TARGET = 12.4;
				MTL_ENABLE_DEBUG_INFO = INCLUDE_SOURCE;
				MTL_FAST_MATH = YES;
				ONLY_ACTIVE_ARCH = YES;
				SDKROOT = iphoneos;
				SWIFT_ACTIVE_COMPILATION_CONDITIONS = DEBUG;
				SWIFT_OPTIMIZATION_LEVEL = "-Onone";
			};
			name = Debug;
		};
		CBF4469D22F1362100CB7587 /* Release */ = {
			isa = XCBuildConfiguration;
			buildSettings = {
				ALWAYS_SEARCH_USER_PATHS = NO;
				CLANG_ANALYZER_NONNULL = YES;
				CLANG_ANALYZER_NUMBER_OBJECT_CONVERSION = YES_AGGRESSIVE;
				CLANG_CXX_LANGUAGE_STANDARD = "gnu++14";
				CLANG_CXX_LIBRARY = "libc++";
				CLANG_ENABLE_MODULES = YES;
				CLANG_ENABLE_OBJC_ARC = YES;
				CLANG_ENABLE_OBJC_WEAK = YES;
				CLANG_WARN_BLOCK_CAPTURE_AUTORELEASING = YES;
				CLANG_WARN_BOOL_CONVERSION = YES;
				CLANG_WARN_COMMA = YES;
				CLANG_WARN_CONSTANT_CONVERSION = YES;
				CLANG_WARN_DEPRECATED_OBJC_IMPLEMENTATIONS = YES;
				CLANG_WARN_DIRECT_OBJC_ISA_USAGE = YES_ERROR;
				CLANG_WARN_DOCUMENTATION_COMMENTS = YES;
				CLANG_WARN_EMPTY_BODY = YES;
				CLANG_WARN_ENUM_CONVERSION = YES;
				CLANG_WARN_INFINITE_RECURSION = YES;
				CLANG_WARN_INT_CONVERSION = YES;
				CLANG_WARN_NON_LITERAL_NULL_CONVERSION = YES;
				CLANG_WARN_OBJC_IMPLICIT_RETAIN_SELF = YES;
				CLANG_WARN_OBJC_LITERAL_CONVERSION = YES;
				CLANG_WARN_OBJC_ROOT_CLASS = YES_ERROR;
				CLANG_WARN_RANGE_LOOP_ANALYSIS = YES;
				CLANG_WARN_STRICT_PROTOTYPES = YES;
				CLANG_WARN_SUSPICIOUS_MOVE = YES;
				CLANG_WARN_UNGUARDED_AVAILABILITY = YES_AGGRESSIVE;
				CLANG_WARN_UNREACHABLE_CODE = YES;
				CLANG_WARN__DUPLICATE_METHOD_MATCH = YES;
				CODE_SIGN_IDENTITY = "iPhone Developer";
				COPY_PHASE_STRIP = NO;
				DEBUG_INFORMATION_FORMAT = "dwarf-with-dsym";
				ENABLE_NS_ASSERTIONS = NO;
				ENABLE_STRICT_OBJC_MSGSEND = YES;
				GCC_C_LANGUAGE_STANDARD = gnu11;
				GCC_NO_COMMON_BLOCKS = YES;
				GCC_WARN_64_TO_32_BIT_CONVERSION = YES;
				GCC_WARN_ABOUT_RETURN_TYPE = YES_ERROR;
				GCC_WARN_UNDECLARED_SELECTOR = YES;
				GCC_WARN_UNINITIALIZED_AUTOS = YES_AGGRESSIVE;
				GCC_WARN_UNUSED_FUNCTION = YES;
				GCC_WARN_UNUSED_VARIABLE = YES;
				IPHONEOS_DEPLOYMENT_TARGET = 12.4;
				MTL_ENABLE_DEBUG_INFO = NO;
				MTL_FAST_MATH = YES;
				SDKROOT = iphoneos;
				SWIFT_COMPILATION_MODE = wholemodule;
				SWIFT_OPTIMIZATION_LEVEL = "-O";
				VALIDATE_PRODUCT = YES;
			};
			name = Release;
		};
		CBF4469F22F1362100CB7587 /* Debug */ = {
			isa = XCBuildConfiguration;
			baseConfigurationReference = E3EEC04C5A8792BC8D296D48 /* Pods-LionLogisticsProject.debug.xcconfig */;
			buildSettings = {
				ASSETCATALOG_COMPILER_APPICON_NAME = AppIcon;
				CODE_SIGN_STYLE = Automatic;
				DEVELOPMENT_TEAM = 8ZP4Q8T234;
				INFOPLIST_FILE = "$(SRCROOT)/LionLogisticsProject/Supporting FIles/Info.plist";
				LD_RUNPATH_SEARCH_PATHS = (
					"$(inherited)",
					"@executable_path/Frameworks",
				);
				PRODUCT_BUNDLE_IDENTIFIER = MissZhou.LionLogisticsProject;
				PRODUCT_NAME = "$(TARGET_NAME)";
				SWIFT_VERSION = 5.0;
				TARGETED_DEVICE_FAMILY = "1,2";
			};
			name = Debug;
		};
		CBF446A022F1362100CB7587 /* Release */ = {
			isa = XCBuildConfiguration;
			baseConfigurationReference = 170F6C5908E83FC4F941BB36 /* Pods-LionLogisticsProject.release.xcconfig */;
			buildSettings = {
				ASSETCATALOG_COMPILER_APPICON_NAME = AppIcon;
				CODE_SIGN_STYLE = Automatic;
				DEVELOPMENT_TEAM = 8ZP4Q8T234;
				INFOPLIST_FILE = "$(SRCROOT)/LionLogisticsProject/Supporting FIles/Info.plist";
				LD_RUNPATH_SEARCH_PATHS = (
					"$(inherited)",
					"@executable_path/Frameworks",
				);
				PRODUCT_BUNDLE_IDENTIFIER = MissZhou.LionLogisticsProject;
				PRODUCT_NAME = "$(TARGET_NAME)";
				SWIFT_VERSION = 5.0;
				TARGETED_DEVICE_FAMILY = "1,2";
			};
			name = Release;
		};
		CBF446A222F1362100CB7587 /* Debug */ = {
			isa = XCBuildConfiguration;
			buildSettings = {
				ALWAYS_EMBED_SWIFT_STANDARD_LIBRARIES = YES;
				BUNDLE_LOADER = "$(TEST_HOST)";
				CODE_SIGN_STYLE = Automatic;
				DEVELOPMENT_TEAM = 8ZP4Q8T234;
				INFOPLIST_FILE = LionLogisticsProjectTests/Info.plist;
				LD_RUNPATH_SEARCH_PATHS = (
					"$(inherited)",
					"@executable_path/Frameworks",
					"@loader_path/Frameworks",
				);
				PRODUCT_BUNDLE_IDENTIFIER = MissZhou.LionLogisticsProjectTests;
				PRODUCT_NAME = "$(TARGET_NAME)";
				SWIFT_VERSION = 5.0;
				TARGETED_DEVICE_FAMILY = "1,2";
				TEST_HOST = "$(BUILT_PRODUCTS_DIR)/LionLogisticsProject.app/LionLogisticsProject";
			};
			name = Debug;
		};
		CBF446A322F1362100CB7587 /* Release */ = {
			isa = XCBuildConfiguration;
			buildSettings = {
				ALWAYS_EMBED_SWIFT_STANDARD_LIBRARIES = YES;
				BUNDLE_LOADER = "$(TEST_HOST)";
				CODE_SIGN_STYLE = Automatic;
				DEVELOPMENT_TEAM = 8ZP4Q8T234;
				INFOPLIST_FILE = LionLogisticsProjectTests/Info.plist;
				LD_RUNPATH_SEARCH_PATHS = (
					"$(inherited)",
					"@executable_path/Frameworks",
					"@loader_path/Frameworks",
				);
				PRODUCT_BUNDLE_IDENTIFIER = MissZhou.LionLogisticsProjectTests;
				PRODUCT_NAME = "$(TARGET_NAME)";
				SWIFT_VERSION = 5.0;
				TARGETED_DEVICE_FAMILY = "1,2";
				TEST_HOST = "$(BUILT_PRODUCTS_DIR)/LionLogisticsProject.app/LionLogisticsProject";
			};
			name = Release;
		};
		CBF446A522F1362100CB7587 /* Debug */ = {
			isa = XCBuildConfiguration;
			buildSettings = {
				ALWAYS_EMBED_SWIFT_STANDARD_LIBRARIES = YES;
				CODE_SIGN_STYLE = Automatic;
				DEVELOPMENT_TEAM = 8ZP4Q8T234;
				INFOPLIST_FILE = LionLogisticsProjectUITests/Info.plist;
				LD_RUNPATH_SEARCH_PATHS = (
					"$(inherited)",
					"@executable_path/Frameworks",
					"@loader_path/Frameworks",
				);
				PRODUCT_BUNDLE_IDENTIFIER = MissZhou.LionLogisticsProjectUITests;
				PRODUCT_NAME = "$(TARGET_NAME)";
				SWIFT_VERSION = 5.0;
				TARGETED_DEVICE_FAMILY = "1,2";
				TEST_TARGET_NAME = LionLogisticsProject;
			};
			name = Debug;
		};
		CBF446A622F1362100CB7587 /* Release */ = {
			isa = XCBuildConfiguration;
			buildSettings = {
				ALWAYS_EMBED_SWIFT_STANDARD_LIBRARIES = YES;
				CODE_SIGN_STYLE = Automatic;
				DEVELOPMENT_TEAM = 8ZP4Q8T234;
				INFOPLIST_FILE = LionLogisticsProjectUITests/Info.plist;
				LD_RUNPATH_SEARCH_PATHS = (
					"$(inherited)",
					"@executable_path/Frameworks",
					"@loader_path/Frameworks",
				);
				PRODUCT_BUNDLE_IDENTIFIER = MissZhou.LionLogisticsProjectUITests;
				PRODUCT_NAME = "$(TARGET_NAME)";
				SWIFT_VERSION = 5.0;
				TARGETED_DEVICE_FAMILY = "1,2";
				TEST_TARGET_NAME = LionLogisticsProject;
			};
			name = Release;
		};
/* End XCBuildConfiguration section */

/* Begin XCConfigurationList section */
		CBF4467122F1361F00CB7587 /* Build configuration list for PBXProject "LionLogisticsProject" */ = {
			isa = XCConfigurationList;
			buildConfigurations = (
				CBF4469C22F1362100CB7587 /* Debug */,
				CBF4469D22F1362100CB7587 /* Release */,
			);
			defaultConfigurationIsVisible = 0;
			defaultConfigurationName = Release;
		};
		CBF4469E22F1362100CB7587 /* Build configuration list for PBXNativeTarget "LionLogisticsProject" */ = {
			isa = XCConfigurationList;
			buildConfigurations = (
				CBF4469F22F1362100CB7587 /* Debug */,
				CBF446A022F1362100CB7587 /* Release */,
			);
			defaultConfigurationIsVisible = 0;
			defaultConfigurationName = Release;
		};
		CBF446A122F1362100CB7587 /* Build configuration list for PBXNativeTarget "LionLogisticsProjectTests" */ = {
			isa = XCConfigurationList;
			buildConfigurations = (
				CBF446A222F1362100CB7587 /* Debug */,
				CBF446A322F1362100CB7587 /* Release */,
			);
			defaultConfigurationIsVisible = 0;
			defaultConfigurationName = Release;
		};
		CBF446A422F1362100CB7587 /* Build configuration list for PBXNativeTarget "LionLogisticsProjectUITests" */ = {
			isa = XCConfigurationList;
			buildConfigurations = (
				CBF446A522F1362100CB7587 /* Debug */,
				CBF446A622F1362100CB7587 /* Release */,
			);
			defaultConfigurationIsVisible = 0;
			defaultConfigurationName = Release;
		};
/* End XCConfigurationList section */
	};
	rootObject = CBF4466E22F1361F00CB7587 /* Project object */;
}
